# THIS IS AN AUTOGENERATED FILE. DO NOT EDIT THIS FILE DIRECTLY.
# yarn lockfile v1


"@jridgewell/sourcemap-codec@^1.4.13":
  version "1.4.14"
  resolved "https://registry.yarnpkg.com/@jridgewell/sourcemap-codec/-/sourcemap-codec-1.4.14.tgz#add4c98d341472a289190b424efbdb096991bb24"
  integrity sha512-XPSJHWmi394fuUuzDnGz1wiKqWfo1yXecHQMRf2l6hztTO+nPru658AyDngaBe7isIxEkRsPR3FZh+s7iVa4Uw==

"@lit/reactive-element@^1.3.0", "@lit/reactive-element@^1.5.0":
  version "1.5.0"
  resolved "https://registry.yarnpkg.com/@lit/reactive-element/-/reactive-element-1.5.0.tgz#344cc33f2d1491d094b8ef824a9fe31d150d2375"
  integrity sha512-fQh9FDK0LPTwDk+0HhSZEtb8K0LTN1wXerwpGrWA+a8tWulYRDLI4vQDWp4GOIsewn0572KYV/oZ3+492D7osA==

"@material/animation@14.0.0-canary.53b3cad2f.0":
  version "14.0.0-canary.53b3cad2f.0"
  resolved "https://registry.yarnpkg.com/@material/animation/-/animation-14.0.0-canary.53b3cad2f.0.tgz#5610fca9ddfa240692ae1fc7098b5f29975dec93"
  integrity sha512-GBuR4VmcTQW1D0lPXEosf5Giho72LLbyGIydWGtaEUtLJoive/D9kFkwTN4Fsyt9Kkl7hbhs35vrNe6QkAH4/Q==
  dependencies:
    tslib "^2.1.0"

"@material/base@14.0.0-canary.53b3cad2f.0", "@material/base@=14.0.0-canary.53b3cad2f.0":
  version "14.0.0-canary.53b3cad2f.0"
  resolved "https://registry.yarnpkg.com/@material/base/-/base-14.0.0-canary.53b3cad2f.0.tgz#ada9928175c9a2f6db116e95854c3d72ab6846c3"
  integrity sha512-UJKbXwZtkrA3sfQDmj8Zbw1Q3Tqtl6KdfVFws95Yf7TCUgTFzbZI/FSx1w7dVugQPOEnIBuZnzqZam/MtHkx4w==
  dependencies:
    tslib "^2.1.0"

"@material/button@14.0.0-canary.53b3cad2f.0":
  version "14.0.0-canary.53b3cad2f.0"
  resolved "https://registry.yarnpkg.com/@material/button/-/button-14.0.0-canary.53b3cad2f.0.tgz#9832220d8088bd8553e81f70b4606bf5182a11df"
  integrity sha512-IPBAByKpQjrWNVmAWx5VCTCLnOw4ymbLsbHmBkLiDgcLPs1EtwYnKKIwQ+/t3bV02OShUdMiyboL8V/C0gMS1A==
  dependencies:
    "@material/density" "14.0.0-canary.53b3cad2f.0"
    "@material/dom" "14.0.0-canary.53b3cad2f.0"
    "@material/elevation" "14.0.0-canary.53b3cad2f.0"
    "@material/feature-targeting" "14.0.0-canary.53b3cad2f.0"
    "@material/focus-ring" "14.0.0-canary.53b3cad2f.0"
    "@material/ripple" "14.0.0-canary.53b3cad2f.0"
    "@material/rtl" "14.0.0-canary.53b3cad2f.0"
    "@material/shape" "14.0.0-canary.53b3cad2f.0"
    "@material/theme" "14.0.0-canary.53b3cad2f.0"
    "@material/tokens" "14.0.0-canary.53b3cad2f.0"
    "@material/touch-target" "14.0.0-canary.53b3cad2f.0"
    "@material/typography" "14.0.0-canary.53b3cad2f.0"
    tslib "^2.1.0"

"@material/density@14.0.0-canary.53b3cad2f.0":
  version "14.0.0-canary.53b3cad2f.0"
  resolved "https://registry.yarnpkg.com/@material/density/-/density-14.0.0-canary.53b3cad2f.0.tgz#a67e49fdbfc5347b8757ea14654197540762c20a"
  integrity sha512-Eh/vZ3vVyqtpylg5Ci33qlgtToS4H1/ppd450Ib3tcdISIoodgijYY0w4XsRvrnZgbI/h/1STFdLxdzS0UNuFw==
  dependencies:
    tslib "^2.1.0"

"@material/dom@14.0.0-canary.53b3cad2f.0", "@material/dom@=14.0.0-canary.53b3cad2f.0":
  version "14.0.0-canary.53b3cad2f.0"
  resolved "https://registry.yarnpkg.com/@material/dom/-/dom-14.0.0-canary.53b3cad2f.0.tgz#55613a2bf3d0ea64989ad77291f053b607256012"
  integrity sha512-aR+rfncF6oi2ivdOlKSJI4UXwNzWV5rXM88MLDoSJF1D7lXxhAKhge+tMUBodWGV/q0+FnXLuVAa0WYTrKjo+A==
  dependencies:
    "@material/feature-targeting" "14.0.0-canary.53b3cad2f.0"
    tslib "^2.1.0"

"@material/elevation@14.0.0-canary.53b3cad2f.0":
  version "14.0.0-canary.53b3cad2f.0"
  resolved "https://registry.yarnpkg.com/@material/elevation/-/elevation-14.0.0-canary.53b3cad2f.0.tgz#f4eedead82ebe456643d482905c1c445e9f5b338"
  integrity sha512-3h+EkR588RMZ5TSNQ4UeXD1FOBnL3ABQix0DQIGwtNJCqSMoPndT/oJEFvwQbTkZNDbFIKN9p1Q7/KuFPVY8Pw==
  dependencies:
    "@material/animation" "14.0.0-canary.53b3cad2f.0"
    "@material/base" "14.0.0-canary.53b3cad2f.0"
    "@material/feature-targeting" "14.0.0-canary.53b3cad2f.0"
    "@material/rtl" "14.0.0-canary.53b3cad2f.0"
    "@material/theme" "14.0.0-canary.53b3cad2f.0"
    tslib "^2.1.0"

"@material/feature-targeting@14.0.0-canary.53b3cad2f.0":
  version "14.0.0-canary.53b3cad2f.0"
  resolved "https://registry.yarnpkg.com/@material/feature-targeting/-/feature-targeting-14.0.0-canary.53b3cad2f.0.tgz#03f0048861ff737b46a77549dccb449650a14d9c"
  integrity sha512-fn7Af3PRyARtNeYqtjxXmE3Y/dCpnpQVWWys57MqiGR/nvc6qpgOfJ6rOdcu/MrOysOE/oebTUDmDnTmwpe9Hw==
  dependencies:
    tslib "^2.1.0"

"@material/focus-ring@14.0.0-canary.53b3cad2f.0":
  version "14.0.0-canary.53b3cad2f.0"
  resolved "https://registry.yarnpkg.com/@material/focus-ring/-/focus-ring-14.0.0-canary.53b3cad2f.0.tgz#3a0afc426cd898aa6fa045c5eef9bffb4a320e91"
  integrity sha512-exPX5VrjQimipBwgcFDGRiEE783sOBgpkFui59A6i6iGvS2UrLHlYY2E65fyyyQnD1f/rv4Po1OOnCesE1kulg==
  dependencies:
    "@material/dom" "14.0.0-canary.53b3cad2f.0"
    "@material/feature-targeting" "14.0.0-canary.53b3cad2f.0"
    "@material/rtl" "14.0.0-canary.53b3cad2f.0"

"@material/icon-button@14.0.0-canary.53b3cad2f.0":
  version "14.0.0-canary.53b3cad2f.0"
  resolved "https://registry.yarnpkg.com/@material/icon-button/-/icon-button-14.0.0-canary.53b3cad2f.0.tgz#396e91458530676da8e320cea7b1e15cfa65715e"
  integrity sha512-BFdj3CP0JXHC/F2bDmpmzWhum4fkzIDgCCavvnpE/KcCbr0AaoSULRde+LtqvbdLIYW20cXhvjinIOlRhSOshA==
  dependencies:
    "@material/base" "14.0.0-canary.53b3cad2f.0"
    "@material/density" "14.0.0-canary.53b3cad2f.0"
    "@material/dom" "14.0.0-canary.53b3cad2f.0"
    "@material/elevation" "14.0.0-canary.53b3cad2f.0"
    "@material/feature-targeting" "14.0.0-canary.53b3cad2f.0"
    "@material/focus-ring" "14.0.0-canary.53b3cad2f.0"
    "@material/ripple" "14.0.0-canary.53b3cad2f.0"
    "@material/rtl" "14.0.0-canary.53b3cad2f.0"
    "@material/theme" "14.0.0-canary.53b3cad2f.0"
    "@material/touch-target" "14.0.0-canary.53b3cad2f.0"
    tslib "^2.1.0"

"@material/mwc-base@^0.27.0":
  version "0.27.0"
  resolved "https://registry.yarnpkg.com/@material/mwc-base/-/mwc-base-0.27.0.tgz#9bb282510b39168dcaa2d2c23aecdf91f6733c6e"
  integrity sha512-oCWWtjbyQ52AaUbzINLGBKScIPyqhps2Y7c8t6Gu6fcFeDxhKXMV1Cqvtj/OMhtAt53XjHfD2XruWwYv3cYYUA==
  dependencies:
    "@material/base" "=14.0.0-canary.53b3cad2f.0"
    "@material/dom" "=14.0.0-canary.53b3cad2f.0"
    lit "^2.0.0"
    tslib "^2.0.1"

"@material/mwc-snackbar@^0.27.0":
  version "0.27.0"
  resolved "https://registry.yarnpkg.com/@material/mwc-snackbar/-/mwc-snackbar-0.27.0.tgz#fb0bfc6e6a0ebb22b811b46edb781340b79d3ceb"
  integrity sha512-D9xhae4MiUwhHJxXaNzucmOutXVS/02CVnuCpzV2uDCLnY4oTaiZNDa+YBxheZnNKTTSm5yrshOnsRIQO6hgPw==
  dependencies:
    "@material/mwc-base" "^0.27.0"
    "@material/snackbar" "=14.0.0-canary.53b3cad2f.0"
    lit "^2.0.0"
    tslib "^2.0.1"

"@material/ripple@14.0.0-canary.53b3cad2f.0":
  version "14.0.0-canary.53b3cad2f.0"
  resolved "https://registry.yarnpkg.com/@material/ripple/-/ripple-14.0.0-canary.53b3cad2f.0.tgz#143454681b56ba42e979116903a3a1e4680249bf"
  integrity sha512-6g2G62vd8DsMuIUSXlRrzb98qkZ4o8ZREknNwNP2zaLQEOkJ//4j9HaqDt98/3LIjUTY9UIVFTQENiMmlwKHYQ==
  dependencies:
    "@material/animation" "14.0.0-canary.53b3cad2f.0"
    "@material/base" "14.0.0-canary.53b3cad2f.0"
    "@material/dom" "14.0.0-canary.53b3cad2f.0"
    "@material/feature-targeting" "14.0.0-canary.53b3cad2f.0"
    "@material/rtl" "14.0.0-canary.53b3cad2f.0"
    "@material/theme" "14.0.0-canary.53b3cad2f.0"
    tslib "^2.1.0"

"@material/rtl@14.0.0-canary.53b3cad2f.0":
  version "14.0.0-canary.53b3cad2f.0"
  resolved "https://registry.yarnpkg.com/@material/rtl/-/rtl-14.0.0-canary.53b3cad2f.0.tgz#63216c4957992e39d1864eb0d07fa9194740f92a"
  integrity sha512-f08LT0HSa0WYU+4Jz/tbm1TQ9Fcf2k+H6dPPYv0J1sZmX6hMgCEmNiUdUFLQFvszoXx2XrRi1/hIFjbz2e69Yg==
  dependencies:
    "@material/theme" "14.0.0-canary.53b3cad2f.0"
    tslib "^2.1.0"

"@material/shape@14.0.0-canary.53b3cad2f.0":
  version "14.0.0-canary.53b3cad2f.0"
  resolved "https://registry.yarnpkg.com/@material/shape/-/shape-14.0.0-canary.53b3cad2f.0.tgz#60d2ba5ae2c428997cab78c65a29bcd6029f268a"
  integrity sha512-RyjInLCNe+nI/ulKea0ZLHphXQDiDqYazS25SRn18g8Hoa5qGNaY5oOBncDXUYn3jm5oI5kFc9oif//kulkbjg==
  dependencies:
    "@material/feature-targeting" "14.0.0-canary.53b3cad2f.0"
    "@material/rtl" "14.0.0-canary.53b3cad2f.0"
    "@material/theme" "14.0.0-canary.53b3cad2f.0"
    tslib "^2.1.0"

"@material/snackbar@=14.0.0-canary.53b3cad2f.0":
  version "14.0.0-canary.53b3cad2f.0"
  resolved "https://registry.yarnpkg.com/@material/snackbar/-/snackbar-14.0.0-canary.53b3cad2f.0.tgz#185826ea68fa9729c5254d2bf360683a6e3cd7a8"
  integrity sha512-E/i+o7Q8Jp4UW7UBTslqlFeSxgyU7XE86CoYuq2g+ySSWTt8b16ug8EJTQvuk4DRdDO3tjQN1sN0R77Av6txSw==
  dependencies:
    "@material/animation" "14.0.0-canary.53b3cad2f.0"
    "@material/base" "14.0.0-canary.53b3cad2f.0"
    "@material/button" "14.0.0-canary.53b3cad2f.0"
    "@material/dom" "14.0.0-canary.53b3cad2f.0"
    "@material/elevation" "14.0.0-canary.53b3cad2f.0"
    "@material/feature-targeting" "14.0.0-canary.53b3cad2f.0"
    "@material/icon-button" "14.0.0-canary.53b3cad2f.0"
    "@material/ripple" "14.0.0-canary.53b3cad2f.0"
    "@material/rtl" "14.0.0-canary.53b3cad2f.0"
    "@material/shape" "14.0.0-canary.53b3cad2f.0"
    "@material/theme" "14.0.0-canary.53b3cad2f.0"
    "@material/typography" "14.0.0-canary.53b3cad2f.0"
    tslib "^2.1.0"

"@material/theme@14.0.0-canary.53b3cad2f.0":
  version "14.0.0-canary.53b3cad2f.0"
  resolved "https://registry.yarnpkg.com/@material/theme/-/theme-14.0.0-canary.53b3cad2f.0.tgz#27863ec21c7c913b80b98a22f056dd3e75b85a0a"
  integrity sha512-S06XAevDCDWMe+GgsEpITMS07imUidzadNaTbJsqssFajBLr53QWVZsG84BpjXKXoYvyEJvb0hX5U0lq6ip9UQ==
  dependencies:
    "@material/feature-targeting" "14.0.0-canary.53b3cad2f.0"
    tslib "^2.1.0"

"@material/tokens@14.0.0-canary.53b3cad2f.0":
  version "14.0.0-canary.53b3cad2f.0"
  resolved "https://registry.yarnpkg.com/@material/tokens/-/tokens-14.0.0-canary.53b3cad2f.0.tgz#32e021323b1deb5fa6df7c08012f58d65ec4b5f2"
  integrity sha512-myHFB7vac8zErA3qgkqmV+kpE+i9JEwc/6Yf0MOumDSpylJGw28QikpNC6eAVBK2EmPQTaFn20mqUxyud8dGqw==
  dependencies:
    "@material/elevation" "14.0.0-canary.53b3cad2f.0"

"@material/touch-target@14.0.0-canary.53b3cad2f.0":
  version "14.0.0-canary.53b3cad2f.0"
  resolved "https://registry.yarnpkg.com/@material/touch-target/-/touch-target-14.0.0-canary.53b3cad2f.0.tgz#c933f68f66bdcfb4c688cd4ee54b517dce4db389"
  integrity sha512-d83e5vbqoLyL542yOTTp4TLVltddWiqbI/j1w/D9ipE30YKfe2EDN+CNJc32Zufh5IUfK41DsZdrN8fI9cL99A==
  dependencies:
    "@material/base" "14.0.0-canary.53b3cad2f.0"
    "@material/feature-targeting" "14.0.0-canary.53b3cad2f.0"
    "@material/rtl" "14.0.0-canary.53b3cad2f.0"
    tslib "^2.1.0"

"@material/typography@14.0.0-canary.53b3cad2f.0":
  version "14.0.0-canary.53b3cad2f.0"
  resolved "https://registry.yarnpkg.com/@material/typography/-/typography-14.0.0-canary.53b3cad2f.0.tgz#735414b1ce38864a2023a81c3e2cb98e1232ca3f"
  integrity sha512-9J0k2fq7uyHsRzRqJDJLGmg3YzRpfRPtFDVeUH/xBcYoqpZE7wYw5Mb7s/l8eP626EtR7HhXhSPjvRTLA6NIJg==
  dependencies:
    "@material/feature-targeting" "14.0.0-canary.53b3cad2f.0"
    "@material/theme" "14.0.0-canary.53b3cad2f.0"
    tslib "^2.1.0"

"@rollup/plugin-commonjs@^24.0.0":
  version "24.0.0"
  resolved "https://registry.yarnpkg.com/@rollup/plugin-commonjs/-/plugin-commonjs-24.0.0.tgz#fb7cf4a6029f07ec42b25daa535c75b05a43f75c"
  integrity sha512-0w0wyykzdyRRPHOb0cQt14mIBLujfAv6GgP6g8nvg/iBxEm112t3YPPq+Buqe2+imvElTka+bjNlJ/gB56TD8g==
  dependencies:
    "@rollup/pluginutils" "^5.0.1"
    commondir "^1.0.1"
    estree-walker "^2.0.2"
    glob "^8.0.3"
    is-reference "1.2.1"
    magic-string "^0.27.0"

"@rollup/plugin-node-resolve@^15.0.1":
  version "15.0.1"
  resolved "https://registry.yarnpkg.com/@rollup/plugin-node-resolve/-/plugin-node-resolve-15.0.1.tgz#72be449b8e06f6367168d5b3cd5e2802e0248971"
  integrity sha512-ReY88T7JhJjeRVbfCyNj+NXAG3IIsVMsX9b5/9jC98dRP8/yxlZdz7mHZbHk5zHr24wZZICS5AcXsFZAXYUQEg==
  dependencies:
    "@rollup/pluginutils" "^5.0.1"
    "@types/resolve" "1.20.2"
    deepmerge "^4.2.2"
    is-builtin-module "^3.2.0"
    is-module "^1.0.0"
    resolve "^1.22.1"

"@rollup/pluginutils@^5.0.1":
  version "5.0.2"
  resolved "https://registry.yarnpkg.com/@rollup/pluginutils/-/pluginutils-5.0.2.tgz#012b8f53c71e4f6f9cb317e311df1404f56e7a33"
  integrity sha512-pTd9rIsP92h+B6wWwFbW8RkZv4hiR/xKsqre4SIuAOaOEQRxi0lqLke9k2/7WegC85GgUs9pjmOjCUi3In4vwA==
  dependencies:
    "@types/estree" "^1.0.0"
    estree-walker "^2.0.2"
    picomatch "^2.3.1"

"@types/estree@*":
  version "0.0.46"
  resolved "https://registry.yarnpkg.com/@types/estree/-/estree-0.0.46.tgz#0fb6bfbbeabd7a30880504993369c4bf1deab1fe"
  integrity sha512-laIjwTQaD+5DukBZaygQ79K1Z0jb1bPEMRrkXSLjtCcZm+abyp5YbrqpSLzD42FwWW6gK/aS4NYpJ804nG2brg==

"@types/estree@^1.0.0":
  version "1.0.0"
  resolved "https://registry.yarnpkg.com/@types/estree/-/estree-1.0.0.tgz#5fb2e536c1ae9bf35366eed879e827fa59ca41c2"
  integrity sha512-WulqXMDUTYAXCjZnk6JtIHPigp55cVtDgDrO2gHRwhyJto21+1zbVCtOYB2L1F9w4qCQ0rOGWBnBe0FNTiEJIQ==

"@types/resolve@1.20.2":
  version "1.20.2"
  resolved "https://registry.yarnpkg.com/@types/resolve/-/resolve-1.20.2.tgz#97d26e00cd4a0423b4af620abecf3e6f442b7975"
  integrity sha512-60BCwRFOZCQhDncwQdxxeOEEkbc5dIMccYLwbxsS4TUNeVECQ/pBJ0j09mrHOl/JJvpRPGwO9SvE4nR2Nb/a4Q==

"@types/trusted-types@^2.0.2":
  version "2.0.2"
  resolved "https://registry.yarnpkg.com/@types/trusted-types/-/trusted-types-2.0.2.tgz#fc25ad9943bcac11cceb8168db4f275e0e72e756"
  integrity sha512-F5DIZ36YVLE+PN+Zwws4kJogq47hNgX3Nx6WyDJ3kcplxyke3XIzB8uK5n/Lpm1HBsbGzd6nmGehL8cPekP+Tg==

"@webcomponents/webcomponentsjs@^2.7.0":
  version "2.7.0"
  resolved "https://registry.yarnpkg.com/@webcomponents/webcomponentsjs/-/webcomponentsjs-2.7.0.tgz#8a87aeaaa0757c95eae0e07dd45f3050d1f8be01"
  integrity sha512-j161Z9oiy8k74vchdrQGihfSp7QulrTclCUiPo0D7JF6/RjpXAmB0ThlTAFlSElkgqg0vdFgNAXaX9ZHZy25wQ==

balanced-match@^1.0.0:
  version "1.0.0"
  resolved "https://registry.yarnpkg.com/balanced-match/-/balanced-match-1.0.0.tgz#89b4d199ab2bee49de164ea02b89ce462d71b767"
  integrity sha1-ibTRmasr7kneFk6gK4nORi1xt2c=

brace-expansion@^2.0.1:
  version "2.0.1"
  resolved "https://registry.yarnpkg.com/brace-expansion/-/brace-expansion-2.0.1.tgz#1edc459e0f0c548486ecf9fc99f2221364b9a0ae"
  integrity sha512-XnAIvQ8eM+kC6aULx6wuQiwVsnzsi9d3WxzV3FpWTGA19F621kwdbsAcFKXgKUHZWsy+mY6iL1sHTxWEFCytDA==
  dependencies:
    balanced-match "^1.0.0"

builtin-modules@^3.3.0:
  version "3.3.0"
  resolved "https://registry.yarnpkg.com/builtin-modules/-/builtin-modules-3.3.0.tgz#cae62812b89801e9656336e46223e030386be7b6"
  integrity sha512-zhaCDicdLuWN5UbN5IMnFqNMhNfo919sH85y2/ea+5Yg9TsTkeZxpL+JLbp6cgYFS4sRLp3YV4S6yDuqVWHYOw==

clipboard-copy@^4.0.1:
  version "4.0.1"
  resolved "https://registry.yarnpkg.com/clipboard-copy/-/clipboard-copy-4.0.1.tgz#326ef9726d4ffe72d9a82a7bbe19379de692017d"
  integrity sha512-wOlqdqziE/NNTUJsfSgXmBMIrYmfd5V0HCGsR8uAKHcg+h9NENWINcfRjtWGU77wDHC8B8ijV4hMTGYbrKovng==

commondir@^1.0.1:
  version "1.0.1"
  resolved "https://registry.yarnpkg.com/commondir/-/commondir-1.0.1.tgz#ddd800da0c66127393cca5950ea968a3aaf1253b"
  integrity sha1-3dgA2gxmEnOTzKWVDqloo6rxJTs=

deepmerge@^4.2.2:
  version "4.2.2"
  resolved "https://registry.yarnpkg.com/deepmerge/-/deepmerge-4.2.2.tgz#44d2ea3679b8f4d4ffba33f03d865fc1e7bf4955"
  integrity sha512-FJ3UgI4gIl+PHZm53knsuSFpE+nESMr7M4v9QcgB7S63Kj/6WqMiFQJpBBYz1Pt+66bZpP3Q7Lye0Oo9MPKEdg==

estree-walker@^2.0.2:
  version "2.0.2"
  resolved "https://registry.yarnpkg.com/estree-walker/-/estree-walker-2.0.2.tgz#52f010178c2a4c117a7757cfe942adb7d2da4cac"
  integrity sha512-Rfkk/Mp/DL7JVje3u18FxFujQlTNR2q6QfMSMB7AvCBx91NGj/ba3kCfza0f6dVDbw7YlRf/nDrn7pQrCCyQ/w==

fs.realpath@^1.0.0:
  version "1.0.0"
  resolved "https://registry.yarnpkg.com/fs.realpath/-/fs.realpath-1.0.0.tgz#1504ad2523158caa40db4a2787cb01411994ea4f"
  integrity sha1-FQStJSMVjKpA20onh8sBQRmU6k8=

fsevents@~2.3.2:
  version "2.3.2"
  resolved "https://registry.yarnpkg.com/fsevents/-/fsevents-2.3.2.tgz#8a526f78b8fdf4623b709e0b975c52c24c02fd1a"
  integrity sha512-xiqMQR4xAeHTuB9uWm+fFRcIOgKBMiOBP+eXiyT7jsgVCq1bkVygt00oASowB7EdtpOHaaPgKt812P9ab+DDKA==

function-bind@^1.1.1:
  version "1.1.1"
  resolved "https://registry.yarnpkg.com/function-bind/-/function-bind-1.1.1.tgz#a56899d3ea3c9bab874bb9773b7c5ede92f4895d"
  integrity sha512-yIovAzMX49sF8Yl58fSCWJ5svSLuaibPxXQJFLmBObTuCr0Mf1KiPopGM9NiFjiYBCbfaa2Fh6breQ6ANVTI0A==

glob@^8.0.3:
  version "8.0.3"
  resolved "https://registry.yarnpkg.com/glob/-/glob-8.0.3.tgz#415c6eb2deed9e502c68fa44a272e6da6eeca42e"
  integrity sha512-ull455NHSHI/Y1FqGaaYFaLGkNMMJbavMrEGFXG/PGrg6y7sutWHUHrz6gy6WEBH6akM1M414dWKCNs+IhKdiQ==
  dependencies:
    fs.realpath "^1.0.0"
    inflight "^1.0.4"
    inherits "2"
    minimatch "^5.0.1"
    once "^1.3.0"

has@^1.0.3:
  version "1.0.3"
  resolved "https://registry.yarnpkg.com/has/-/has-1.0.3.tgz#722d7cbfc1f6aa8241f16dd814e011e1f41e8796"
  integrity sha512-f2dvO0VU6Oej7RkWJGrehjbzMAjFp5/VKPp5tTpWIV4JHHZK1/BxbFRtf/siA2SWTe09caDmVtYYzWEIbBS4zw==
  dependencies:
    function-bind "^1.1.1"

inflight@^1.0.4:
  version "1.0.6"
  resolved "https://registry.yarnpkg.com/inflight/-/inflight-1.0.6.tgz#49bd6331d7d02d0c09bc910a1075ba8165b56df9"
  integrity sha1-Sb1jMdfQLQwJvJEKEHW6gWW1bfk=
  dependencies:
    once "^1.3.0"
    wrappy "1"

inherits@2:
  version "2.0.4"
  resolved "https://registry.yarnpkg.com/inherits/-/inherits-2.0.4.tgz#0fa2c64f932917c3433a0ded55363aae37416b7c"
  integrity sha512-k/vGaX4/Yla3WzyMCvTQOXYeIHvqOKtnqBduzTHpzpQZzAskKMhZ2K+EnBiSM9zGSoIFeMpXKxa4dYeZIQqewQ==

is-builtin-module@^3.2.0:
  version "3.2.0"
  resolved "https://registry.yarnpkg.com/is-builtin-module/-/is-builtin-module-3.2.0.tgz#bb0310dfe881f144ca83f30100ceb10cf58835e0"
  integrity sha512-phDA4oSGt7vl1n5tJvTWooWWAsXLY+2xCnxNqvKhGEzujg+A43wPlPOyDg3C8XQHN+6k/JTQWJ/j0dQh/qr+Hw==
  dependencies:
    builtin-modules "^3.3.0"

is-core-module@^2.9.0:
  version "2.11.0"
  resolved "https://registry.yarnpkg.com/is-core-module/-/is-core-module-2.11.0.tgz#ad4cb3e3863e814523c96f3f58d26cc570ff0144"
  integrity sha512-RRjxlvLDkD1YJwDbroBHMb+cukurkDWNyHx7D3oNB5x9rb5ogcksMC5wHCadcXoo67gVr/+3GFySh3134zi6rw==
  dependencies:
    has "^1.0.3"

is-module@^1.0.0:
  version "1.0.0"
  resolved "https://registry.yarnpkg.com/is-module/-/is-module-1.0.0.tgz#3258fb69f78c14d5b815d664336b4cffb6441591"
  integrity sha1-Mlj7afeMFNW4FdZkM2tM/7ZEFZE=

is-reference@1.2.1:
  version "1.2.1"
  resolved "https://registry.yarnpkg.com/is-reference/-/is-reference-1.2.1.tgz#8b2dac0b371f4bc994fdeaba9eb542d03002d0b7"
  integrity sha512-U82MsXXiFIrjCK4otLT+o2NA2Cd2g5MLoOVXUZjIOhLurrRxpEXzI8O0KZHr3IjLvlAH1kTPYSuqer5T9ZVBKQ==
  dependencies:
    "@types/estree" "*"

lit-element@^3.2.0:
  version "3.2.2"
  resolved "https://registry.yarnpkg.com/lit-element/-/lit-element-3.2.2.tgz#d148ab6bf4c53a33f707a5168e087725499e5f2b"
  integrity sha512-6ZgxBR9KNroqKb6+htkyBwD90XGRiqKDHVrW/Eh0EZ+l+iC+u+v+w3/BA5NGi4nizAVHGYvQBHUDuSmLjPp7NQ==
  dependencies:
    "@lit/reactive-element" "^1.3.0"
    lit-html "^2.2.0"

lit-html@^2.2.0, lit-html@^2.5.0:
  version "2.5.0"
  resolved "https://registry.yarnpkg.com/lit-html/-/lit-html-2.5.0.tgz#9d4c0bb3652a6b10bc4ccdb627dfa9eff1215474"
  integrity sha512-bLHosg1XL3JRUcKdSVI0sLCs0y1wWrj2sqqAN3cZ7bDDPNgmDHH29RV48x6Wz3ZmkxIupaE+z7uXSZ/pXWAO1g==
  dependencies:
    "@types/trusted-types" "^2.0.2"

lit@^2.0.0, lit@^2.5.0:
  version "2.5.0"
  resolved "https://registry.yarnpkg.com/lit/-/lit-2.5.0.tgz#3a425d69ff8483effb2026957b86ae45de0bc51a"
  integrity sha512-DtnUP6vR3l4Q8nRPPNBD+UxbAhwJPeky+OVbi3pdgMqm0g57xFSl1Sj64D1rIB+nVNdiVVg8YxB0hqKjvdadZA==
  dependencies:
    "@lit/reactive-element" "^1.5.0"
    lit-element "^3.2.0"
    lit-html "^2.5.0"

magic-string@^0.27.0:
  version "0.27.0"
  resolved "https://registry.yarnpkg.com/magic-string/-/magic-string-0.27.0.tgz#e4a3413b4bab6d98d2becffd48b4a257effdbbf3"
  integrity sha512-8UnnX2PeRAPZuN12svgR9j7M1uWMovg/CEnIwIG0LFkXSJJe4PdfUGiTGl8V9bsBHFUtfVINcSyYxd7q+kx9fA==
  dependencies:
    "@jridgewell/sourcemap-codec" "^1.4.13"

minimatch@^5.0.1:
  version "5.1.2"
  resolved "https://registry.yarnpkg.com/minimatch/-/minimatch-5.1.2.tgz#0939d7d6f0898acbd1508abe534d1929368a8fff"
  integrity sha512-bNH9mmM9qsJ2X4r2Nat1B//1dJVcn3+iBLa3IgqJ7EbGaDNepL9QSHOxN4ng33s52VMMhhIfgCYDk3C4ZmlDAg==
  dependencies:
    brace-expansion "^2.0.1"

once@^1.3.0:
  version "1.4.0"
  resolved "https://registry.yarnpkg.com/once/-/once-1.4.0.tgz#583b1aa775961d4b113ac17d9c50baef9dd76bd1"
  integrity sha1-WDsap3WWHUsROsF9nFC6753Xa9E=
  dependencies:
    wrappy "1"

path-parse@^1.0.7:
  version "1.0.7"
  resolved "https://registry.yarnpkg.com/path-parse/-/path-parse-1.0.7.tgz#fbc114b60ca42b30d9daf5858e4bd68bbedb6735"
  integrity sha512-LDJzPVEEEPR+y48z93A0Ed0yXb8pAByGWo/k5YYdYgpY2/2EsOsksJrq7lOHxryrVOn1ejG6oAp8ahvOIQD8sw==

picomatch@^2.3.1:
  version "2.3.1"
  resolved "https://registry.yarnpkg.com/picomatch/-/picomatch-2.3.1.tgz#3ba3833733646d9d3e4995946c1365a67fb07a42"
  integrity sha512-JU3teHTNjmE2VCGFzuY8EXzCDVwEqB2a8fsIvwaStHhAWJEeVd1o1QD80CU6+ZdEXXSLbSsuLwJjkCBWqRQUVA==

resolve@^1.22.1:
  version "1.22.1"
  resolved "https://registry.yarnpkg.com/resolve/-/resolve-1.22.1.tgz#27cb2ebb53f91abb49470a928bba7558066ac177"
  integrity sha512-nBpuuYuY5jFsli/JIs1oldw6fOQCBioohqWZg/2hiaOybXOft4lonv85uDOKXdf8rhyK159cxU5cDcK/NKk8zw==
  dependencies:
    is-core-module "^2.9.0"
    path-parse "^1.0.7"
    supports-preserve-symlinks-flag "^1.0.0"

rollup@^3.9.1:
  version "3.9.1"
  resolved "https://registry.yarnpkg.com/rollup/-/rollup-3.9.1.tgz#27501d3d026418765fe379d5620d25954ff2a011"
  integrity sha512-GswCYHXftN8ZKGVgQhTFUJB/NBXxrRGgO2NCy6E8s1rwEJ4Q9/VttNqcYfEvx4dTo4j58YqdC3OVztPzlKSX8w==
  optionalDependencies:
    fsevents "~2.3.2"

supports-preserve-symlinks-flag@^1.0.0:
  version "1.0.0"
  resolved "https://registry.yarnpkg.com/supports-preserve-symlinks-flag/-/supports-preserve-symlinks-flag-1.0.0.tgz#6eda4bd344a3c94aea376d4cc31bc77311039e09"
  integrity sha512-ot0WnXS9fgdkgIcePe6RHNk1WA8+muPa6cSjeR3V8K27q9BB1rTE3R1p7Hv0z1ZyAc8s6Vvv8DIyWf681MAt0w==

tslib@^2.0.1:
  version "2.1.0"
  resolved "https://registry.yarnpkg.com/tslib/-/tslib-2.1.0.tgz#da60860f1c2ecaa5703ab7d39bc05b6bf988b97a"
  integrity sha512-hcVC3wYEziELGGmEEXue7D75zbwIIVUMWAVbHItGPx0ziyXxrOMQx4rQEVEV45Ut/1IotuEvwqPopzIOkDMf0A==

tslib@^2.1.0:
  version "2.4.1"
  resolved "https://registry.yarnpkg.com/tslib/-/tslib-2.4.1.tgz#0d0bfbaac2880b91e22df0768e55be9753a5b17e"
  integrity sha512-tGyy4dAjRIEwI7BzsB0lynWgOpfqjUdq91XXAlIWD2OwKBH7oCl/GZG/HT4BOHrTlPMOASlMQ7veyTqpmRcrNA==

wrappy@1:
  version "1.0.2"
  resolved "https://registry.yarnpkg.com/wrappy/-/wrappy-1.0.2.tgz#b5243d8f3ec1aa35f1364605bc0d1036e30ab69f"
  integrity sha1-tSQ9jz7BqjXxNkYFvA0QNuMKtp8=
